
Microsoft Visual Studio Solution File, Format Version 12.00
# Visual Studio Version 16
VisualStudioVersion = 16.0.29306.81
MinimumVisualStudioVersion = 10.0.40219.1
Project("{8BC9CEB8-8B4A-11D0-8D11-00A0C91BC942}") = "MemoryRewriterTestProject", "MemoryRewriterTestProject\MemoryRewriterTestProject.vcxproj", "{2AFA46D3-4C1D-4956-ADD6-31E627648BFF}"
EndProject
Global
	GlobalSection(SolutionConfigurationPlatforms) = preSolution
		Debug|x64 = Debug|x64
		Debug|x86 = Debug|x86
		Release|x64 = Release|x64
		Release|x86 = Release|x86
	EndGlobalSection
	GlobalSection(ProjectConfigurationPlatforms) = postSolution
		{2AFA46D3-4C1D-4956-ADD6-31E627648BFF}.Debug|x64.ActiveCfg = Debug|x64
		{2AFA46D3-4C1D-4956-ADD6-31E627648BFF}.Debug|x64.Build.0 = Debug|x64
		{2AFA46D3-4C1D-4956-ADD6-31E627648BFF}.Debug|x86.ActiveCfg = Debug|Win32
		{2AFA46D3-4C1D-4956-ADD6-31E627648BFF}.Debug|x86.Build.0 = Debug|Win32
		{2AFA46D3-4C1D-4956-ADD6-31E627648BFF}.Release|x64.ActiveCfg = Release|x64
		{2AFA46D3-4C1D-4956-ADD6-31E627648BFF}.Release|x64.Build.0 = Release|x64
		{2AFA46D3-4C1D-4956-ADD6-31E627648BFF}.Release|x86.ActiveCfg = Release|Win32
		{2AFA46D3-4C1D-4956-ADD6-31E627648BFF}.Release|x86.Build.0 = Release|Win32
	EndGlobalSection
	GlobalSection(SolutionProperties) = preSolution
		HideSolutionNode = FALSE
	EndGlobalSection
	GlobalSection(ExtensibilityGlobals) = postSolution
		SolutionGuid = {6C4AFDA8-3971-4762-8BCF-924C9AB76D57}
	EndGlobalSection
EndGlobal
